{
  "name": "playground",
  "version": "1.0.0",
  "lockfileVersion": 2,
  "requires": true,
  "packages": {
    "": {
      "name": "playground",
      "version": "1.0.0",
      "dependencies": {
        "moment": "file:../node_modules/moment",
        "ra-core": "file:../node_modules/ra-core",
        "ra-friendsofbabba": "file:..",
        "react": "file:../node_modules/react",
        "react-admin": "file:../node_modules/react-admin",
        "react-dom": "file:../node_modules/react-dom",
        "react-error-boundary": "file:../node_modules/react-error-boundary",
        "react-scripts": "file:../node_modules/react-scripts"
      }
    },
    "..": {
      "name": "ra-friendsofbabba",
      "version": "1.1.13",
      "dependencies": {
        "@testing-library/jest-dom": "^5.16.2",
        "@testing-library/react": "^12.1.3",
        "@testing-library/user-event": "^13.5.0",
        "autoprefixer": "10.4.5",
        "moment": "^2.29.3",
        "react-error-boundary": "^3.1.4",
        "react-scripts": "5.0.0",
        "web-vitals": "^2.1.4"
      },
      "devDependencies": {
        "@babel/cli": "^7.17.6",
        "@babel/core": "^7.17.5",
        "@babel/preset-env": "^7.16.11",
        "@babel/preset-react": "^7.16.7",
        "@rollup/plugin-babel": "^5.3.1",
        "@rollup/plugin-replace": "^4.0.0",
        "@rollup/plugin-typescript": "^8.3.2",
        "@types/prop-types": "^15.7.5",
        "@types/react": "^17.0.45",
        "babel-plugin-module-resolver": "^4.1.0",
        "npm-run-all": "^4.1.5",
        "rollup": "^2.68.0",
        "rollup-plugin-delete": "^2.0.0",
        "rollup-plugin-dts": "^4.2.2",
        "rollup-plugin-generate-declarations": "^1.1.1",
        "rollup-plugin-peer-deps-external": "^2.2.4",
        "rollup-plugin-strip-prop-types": "^1.0.3",
        "typescript": "^4.7.2"
      },
      "peerDependencies": {
        "ra-core": "^3.19.11",
        "react": "^17.0.2",
        "react-admin": "^3.19.11",
        "react-dom": "^17.0.2"
      }
    },
    "../node_modules/moment": {
      "version": "2.29.3",
      "license": "MIT",
      "engines": {
        "node": "*"
      }
    },
    "../node_modules/ra-core": {
      "version": "3.19.11",
      "license": "MIT",
      "dependencies": {
        "classnames": "~2.3.1",
        "date-fns": "^1.29.0",
        "eventemitter3": "^3.0.0",
        "inflection": "~1.13.1",
        "lodash": "~4.17.5",
        "prop-types": "^15.6.1",
        "query-string": "^5.1.1",
        "reselect": "~3.0.0"
      },
      "peerDependencies": {
        "connected-react-router": "^6.5.2",
        "final-form": "^4.20.2",
        "history": "^4.7.2",
        "react": "^16.9.0 || ^17.0.0",
        "react-dom": "^16.9.0 || ^17.0.0",
        "react-final-form": "^6.5.2",
        "react-redux": "^7.1.0",
        "react-router": "^5.1.0",
        "react-router-dom": "^5.1.0",
        "redux": "^3.7.2 || ^4.0.3",
        "redux-saga": "^1.0.0"
      }
    },
    "../node_modules/react": {
      "version": "17.0.2",
      "license": "MIT",
      "dependencies": {
        "loose-envify": "^1.1.0",
        "object-assign": "^4.1.1"
      },
      "engines": {
        "node": ">=0.10.0"
      }
    },
    "../node_modules/react-admin": {
      "version": "3.19.11",
      "license": "MIT",
      "dependencies": {
        "@material-ui/core": "^4.12.1",
        "@material-ui/icons": "^4.11.2",
        "@material-ui/styles": "^4.11.2",
        "connected-react-router": "^6.5.2",
        "final-form": "^4.20.4",
        "final-form-arrays": "^3.0.2",
        "ra-core": "^3.19.11",
        "ra-i18n-polyglot": "^3.19.11",
        "ra-language-english": "^3.19.11",
        "ra-ui-materialui": "^3.19.11",
        "react-final-form": "^6.5.7",
        "react-final-form-arrays": "^3.1.3",
        "react-redux": "^7.1.0",
        "react-router": "^5.1.0",
        "react-router-dom": "^5.1.0",
        "redux": "^3.7.2 || ^4.0.3",
        "redux-saga": "^1.0.0"
      },
      "peerDependencies": {
        "react": "^16.9.0 || ^17.0.0",
        "react-dom": "^16.9.0 || ^17.0.0"
      }
    },
    "../node_modules/react-dom": {
      "version": "17.0.2",
      "license": "MIT",
      "dependencies": {
        "loose-envify": "^1.1.0",
        "object-assign": "^4.1.1",
        "scheduler": "^0.20.2"
      },
      "peerDependencies": {
        "react": "17.0.2"
      }
    },
    "../node_modules/react-error-boundary": {
      "version": "3.1.4",
      "license": "MIT",
      "dependencies": {
        "@babel/runtime": "^7.12.5"
      },
      "engines": {
        "node": ">=10",
        "npm": ">=6"
      },
      "peerDependencies": {
        "react": ">=16.13.1"
      }
    },
    "../node_modules/react-scripts": {
      "version": "5.0.0",
      "license": "MIT",
      "dependencies": {
        "@babel/core": "^7.16.0",
        "@pmmmwh/react-refresh-webpack-plugin": "^0.5.3",
        "@svgr/webpack": "^5.5.0",
        "babel-jest": "^27.4.2",
        "babel-loader": "^8.2.3",
        "babel-plugin-named-asset-import": "^0.3.8",
        "babel-preset-react-app": "^10.0.1",
        "bfj": "^7.0.2",
        "browserslist": "^4.18.1",
        "camelcase": "^6.2.1",
        "case-sensitive-paths-webpack-plugin": "^2.4.0",
        "css-loader": "^6.5.1",
        "css-minimizer-webpack-plugin": "^3.2.0",
        "dotenv": "^10.0.0",
        "dotenv-expand": "^5.1.0",
        "eslint": "^8.3.0",
        "eslint-config-react-app": "^7.0.0",
        "eslint-webpack-plugin": "^3.1.1",
        "file-loader": "^6.2.0",
        "fs-extra": "^10.0.0",
        "html-webpack-plugin": "^5.5.0",
        "identity-obj-proxy": "^3.0.0",
        "jest": "^27.4.3",
        "jest-resolve": "^27.4.2",
        "jest-watch-typeahead": "^1.0.0",
        "mini-css-extract-plugin": "^2.4.5",
        "postcss": "^8.4.4",
        "postcss-flexbugs-fixes": "^5.0.2",
        "postcss-loader": "^6.2.1",
        "postcss-normalize": "^10.0.1",
        "postcss-preset-env": "^7.0.1",
        "prompts": "^2.4.2",
        "react-app-polyfill": "^3.0.0",
        "react-dev-utils": "^12.0.0",
        "react-refresh": "^0.11.0",
        "resolve": "^1.20.0",
        "resolve-url-loader": "^4.0.0",
        "sass-loader": "^12.3.0",
        "semver": "^7.3.5",
        "source-map-loader": "^3.0.0",
        "style-loader": "^3.3.1",
        "tailwindcss": "^3.0.2",
        "terser-webpack-plugin": "^5.2.5",
        "webpack": "^5.64.4",
        "webpack-dev-server": "^4.6.0",
        "webpack-manifest-plugin": "^4.0.2",
        "workbox-webpack-plugin": "^6.4.1"
      },
      "bin": {
        "react-scripts": "bin/react-scripts.js"
      },
      "engines": {
        "node": ">=14.0.0"
      },
      "optionalDependencies": {
        "fsevents": "^2.3.2"
      },
      "peerDependencies": {
        "react": ">= 16",
        "typescript": "^3.2.1 || ^4"
      },
      "peerDependenciesMeta": {
        "typescript": {
          "optional": true
        }
      }
    },
    "node_modules/moment": {
      "resolved": "../node_modules/moment",
      "link": true
    },
    "node_modules/ra-core": {
      "resolved": "../node_modules/ra-core",
      "link": true
    },
    "node_modules/ra-friendsofbabba": {
      "resolved": "..",
      "link": true
    },
    "node_modules/react": {
      "resolved": "../node_modules/react",
      "link": true
    },
    "node_modules/react-admin": {
      "resolved": "../node_modules/react-admin",
      "link": true
    },
    "node_modules/react-dom": {
      "resolved": "../node_modules/react-dom",
      "link": true
    },
    "node_modules/react-error-boundary": {
      "resolved": "../node_modules/react-error-boundary",
      "link": true
    },
    "node_modules/react-scripts": {
      "resolved": "../node_modules/react-scripts",
      "link": true
    }
  },
  "dependencies": {
    "moment": {
      "version": "file:../node_modules/moment"
    },
    "ra-core": {
      "version": "file:../node_modules/ra-core",
      "requires": {
        "classnames": "~2.3.1",
        "date-fns": "^1.29.0",
        "eventemitter3": "^3.0.0",
        "inflection": "~1.13.1",
        "lodash": "~4.17.5",
        "prop-types": "^15.6.1",
        "query-string": "^5.1.1",
        "reselect": "~3.0.0"
      }
    },
    "ra-friendsofbabba": {
      "version": "file:..",
      "requires": {
        "@babel/cli": "^7.17.6",
        "@babel/core": "^7.17.5",
        "@babel/preset-env": "^7.16.11",
        "@babel/preset-react": "^7.16.7",
        "@rollup/plugin-babel": "^5.3.1",
        "@rollup/plugin-replace": "^4.0.0",
        "@rollup/plugin-typescript": "^8.3.2",
        "@testing-library/jest-dom": "^5.16.2",
        "@testing-library/react": "^12.1.3",
        "@testing-library/user-event": "^13.5.0",
        "@types/prop-types": "^15.7.5",
        "@types/react": "^17.0.45",
        "autoprefixer": "10.4.5",
        "babel-plugin-module-resolver": "^4.1.0",
        "moment": "^2.29.3",
        "npm-run-all": "^4.1.5",
        "react-error-boundary": "^3.1.4",
        "react-scripts": "5.0.0",
        "rollup": "^2.68.0",
        "rollup-plugin-delete": "^2.0.0",
        "rollup-plugin-dts": "^4.2.2",
        "rollup-plugin-generate-declarations": "^1.1.1",
        "rollup-plugin-peer-deps-external": "^2.2.4",
        "rollup-plugin-strip-prop-types": "^1.0.3",
        "typescript": "^4.7.2",
        "web-vitals": "^2.1.4"
      },
      "dependencies": {
        "moment": {
          "version": "2.29.3"
        },
        "ra-core": {
          "version": "3.19.11",
          "requires": {
            "classnames": "~2.3.1",
            "date-fns": "^1.29.0",
            "eventemitter3": "^3.0.0",
            "inflection": "~1.13.1",
            "lodash": "~4.17.5",
            "prop-types": "^15.6.1",
            "query-string": "^5.1.1",
            "reselect": "~3.0.0"
          }
        },
        "react": {
          "version": "17.0.2",
          "requires": {
            "loose-envify": "^1.1.0",
            "object-assign": "^4.1.1"
          }
        },
        "react-admin": {
          "version": "3.19.11",
          "requires": {
            "@material-ui/core": "^4.12.1",
            "@material-ui/icons": "^4.11.2",
            "@material-ui/styles": "^4.11.2",
            "connected-react-router": "^6.5.2",
            "final-form": "^4.20.4",
            "final-form-arrays": "^3.0.2",
            "ra-core": "^3.19.11",
            "ra-i18n-polyglot": "^3.19.11",
            "ra-language-english": "^3.19.11",
            "ra-ui-materialui": "^3.19.11",
            "react-final-form": "^6.5.7",
            "react-final-form-arrays": "^3.1.3",
            "react-redux": "^7.1.0",
            "react-router": "^5.1.0",
            "react-router-dom": "^5.1.0",
            "redux": "^3.7.2 || ^4.0.3",
            "redux-saga": "^1.0.0"
          }
        },
        "react-dom": {
          "version": "17.0.2",
          "requires": {
            "loose-envify": "^1.1.0",
            "object-assign": "^4.1.1",
            "scheduler": "^0.20.2"
          }
        },
        "react-error-boundary": {
          "version": "3.1.4",
          "requires": {
            "@babel/runtime": "^7.12.5"
          }
        },
        "react-scripts": {
          "version": "5.0.0",
          "requires": {
            "@babel/core": "^7.16.0",
            "@pmmmwh/react-refresh-webpack-plugin": "^0.5.3",
            "@svgr/webpack": "^5.5.0",
            "babel-jest": "^27.4.2",
            "babel-loader": "^8.2.3",
            "babel-plugin-named-asset-import": "^0.3.8",
            "babel-preset-react-app": "^10.0.1",
            "bfj": "^7.0.2",
            "browserslist": "^4.18.1",
            "camelcase": "^6.2.1",
            "case-sensitive-paths-webpack-plugin": "^2.4.0",
            "css-loader": "^6.5.1",
            "css-minimizer-webpack-plugin": "^3.2.0",
            "dotenv": "^10.0.0",
            "dotenv-expand": "^5.1.0",
            "eslint": "^8.3.0",
            "eslint-config-react-app": "^7.0.0",
            "eslint-webpack-plugin": "^3.1.1",
            "file-loader": "^6.2.0",
            "fs-extra": "^10.0.0",
            "fsevents": "^2.3.2",
            "html-webpack-plugin": "^5.5.0",
            "identity-obj-proxy": "^3.0.0",
            "jest": "^27.4.3",
            "jest-resolve": "^27.4.2",
            "jest-watch-typeahead": "^1.0.0",
            "mini-css-extract-plugin": "^2.4.5",
            "postcss": "^8.4.4",
            "postcss-flexbugs-fixes": "^5.0.2",
            "postcss-loader": "^6.2.1",
            "postcss-normalize": "^10.0.1",
            "postcss-preset-env": "^7.0.1",
            "prompts": "^2.4.2",
            "react-app-polyfill": "^3.0.0",
            "react-dev-utils": "^12.0.0",
            "react-refresh": "^0.11.0",
            "resolve": "^1.20.0",
            "resolve-url-loader": "^4.0.0",
            "sass-loader": "^12.3.0",
            "semver": "^7.3.5",
            "source-map-loader": "^3.0.0",
            "style-loader": "^3.3.1",
            "tailwindcss": "^3.0.2",
            "terser-webpack-plugin": "^5.2.5",
            "webpack": "^5.64.4",
            "webpack-dev-server": "^4.6.0",
            "webpack-manifest-plugin": "^4.0.2",
            "workbox-webpack-plugin": "^6.4.1"
          }
        }
      }
    },
    "react": {
      "version": "file:../node_modules/react",
      "requires": {
        "loose-envify": "^1.1.0",
        "object-assign": "^4.1.1"
      }
    },
    "react-admin": {
      "version": "file:../node_modules/react-admin",
      "requires": {
        "@material-ui/core": "^4.12.1",
        "@material-ui/icons": "^4.11.2",
        "@material-ui/styles": "^4.11.2",
        "connected-react-router": "^6.5.2",
        "final-form": "^4.20.4",
        "final-form-arrays": "^3.0.2",
        "ra-core": "^3.19.11",
        "ra-i18n-polyglot": "^3.19.11",
        "ra-language-english": "^3.19.11",
        "ra-ui-materialui": "^3.19.11",
        "react-final-form": "^6.5.7",
        "react-final-form-arrays": "^3.1.3",
        "react-redux": "^7.1.0",
        "react-router": "^5.1.0",
        "react-router-dom": "^5.1.0",
        "redux": "^3.7.2 || ^4.0.3",
        "redux-saga": "^1.0.0"
      }
    },
    "react-dom": {
      "version": "file:../node_modules/react-dom",
      "requires": {
        "loose-envify": "^1.1.0",
        "object-assign": "^4.1.1",
        "scheduler": "^0.20.2"
      }
    },
    "react-error-boundary": {
      "version": "file:../node_modules/react-error-boundary",
      "requires": {
        "@babel/runtime": "^7.12.5"
      }
    },
    "react-scripts": {
      "version": "file:../node_modules/react-scripts",
      "requires": {
        "@babel/core": "^7.16.0",
        "@pmmmwh/react-refresh-webpack-plugin": "^0.5.3",
        "@svgr/webpack": "^5.5.0",
        "babel-jest": "^27.4.2",
        "babel-loader": "^8.2.3",
        "babel-plugin-named-asset-import": "^0.3.8",
        "babel-preset-react-app": "^10.0.1",
        "bfj": "^7.0.2",
        "browserslist": "^4.18.1",
        "camelcase": "^6.2.1",
        "case-sensitive-paths-webpack-plugin": "^2.4.0",
        "css-loader": "^6.5.1",
        "css-minimizer-webpack-plugin": "^3.2.0",
        "dotenv": "^10.0.0",
        "dotenv-expand": "^5.1.0",
        "eslint": "^8.3.0",
        "eslint-config-react-app": "^7.0.0",
        "eslint-webpack-plugin": "^3.1.1",
        "file-loader": "^6.2.0",
        "fs-extra": "^10.0.0",
        "fsevents": "^2.3.2",
        "html-webpack-plugin": "^5.5.0",
        "identity-obj-proxy": "^3.0.0",
        "jest": "^27.4.3",
        "jest-resolve": "^27.4.2",
        "jest-watch-typeahead": "^1.0.0",
        "mini-css-extract-plugin": "^2.4.5",
        "postcss": "^8.4.4",
        "postcss-flexbugs-fixes": "^5.0.2",
        "postcss-loader": "^6.2.1",
        "postcss-normalize": "^10.0.1",
        "postcss-preset-env": "^7.0.1",
        "prompts": "^2.4.2",
        "react-app-polyfill": "^3.0.0",
        "react-dev-utils": "^12.0.0",
        "react-refresh": "^0.11.0",
        "resolve": "^1.20.0",
        "resolve-url-loader": "^4.0.0",
        "sass-loader": "^12.3.0",
        "semver": "^7.3.5",
        "source-map-loader": "^3.0.0",
        "style-loader": "^3.3.1",
        "tailwindcss": "^3.0.2",
        "terser-webpack-plugin": "^5.2.5",
        "webpack": "^5.64.4",
        "webpack-dev-server": "^4.6.0",
        "webpack-manifest-plugin": "^4.0.2",
        "workbox-webpack-plugin": "^6.4.1"
      }
    }
  }
}
